id: toptek_digital_PTT
label: Digital PTT
category: '[TopTek]'

templates:
  imports: from gnuradio import toptek
  make: toptek.digital_PTT(${baud_rate}, ${padding_nbytes}, ${delay_s}, ${extra_s})

#  Make one 'parameters' list entry for every parameter you want settable from the GUI.
#     Keys include:
#     * id (makes the value accessible as keyname, e.g. in the make entry)
#     * label (label shown in the GUI)
#     * dtype (e.g. int, float, complex, byte, short, xxx_vector, ...)
#     * default
parameters:
- id: baud_rate
  label: Baud Rate
  dtype: int
  default: 9600
- id: padding_nbytes
  label: Padding (Bytes)
  dtype: int
  default: 0
- id: delay_s
  label: Delay (Seconds)
  dtype: float
  default: 0
- id: extra_s
  label: Extra (Seconds)
  dtype: float
  default: 0

#  Make one 'inputs' list entry per input and one 'outputs' list entry per output.
#  Keys include:
#      * label (an identifier for the GUI)
#      * domain (optional - stream or message. Default is stream)
#      * dtype (e.g. int, float, complex, byte, short, xxx_vector, ...)
#      * vlen (optional - data stream vector length. Default is 1)
#      * optional (optional - set to 1 for optional inputs. Default is 0)
inputs:
- label: tx_msg
  domain: message

outputs:
- label: pa
  domain: message
  optional: 1
- label: da
  domain: message
  optional: 1
- label: lna
  domain: message
  optional: 1
#- label: ...
#  domain: ...
#  dtype: ...
#  vlen: ...
#  optional: ...

#  'file_format' specifies the version of the GRC yml format used in the file
#  and should usually not be changed.
file_format: 1
